{
  "name": "artbook",
  "version": "1.0.0",
  "lockfileVersion": 1,
  "requires": true,
  "dependencies": {
    "@types/imagemin": {
      "version": "7.0.1",
      "resolved": "https://registry.nlark.com/@types/imagemin/download/@types/imagemin-7.0.1.tgz",
      "integrity": "sha1-EcoeZcyzhxqEadmyMDO5XTg47aA=",
      "dev": true,
      "requires": {
        "@types/node": "*"
      }
    },
    "@types/imagemin-jpegtran": {
      "version": "5.0.1",
      "resolved": "https://registry.nlark.com/@types/imagemin-jpegtran/download/@types/imagemin-jpegtran-5.0.1.tgz",
      "integrity": "sha1-eYsqZs1Jt+xlUPtzPAWluHVfIR8=",
      "dev": true,
      "requires": {
        "@types/imagemin": "*"
      }
    },
    "@types/node": {
      "version": "16.3.3",
      "resolved": "https://registry.nlark.com/@types/node/download/@types/node-16.3.3.tgz?cache=0&sync_timestamp=1626462214142&other_urls=https%3A%2F%2Fregistry.nlark.com%2F%40types%2Fnode%2Fdownload%2F%40types%2Fnode-16.3.3.tgz",
      "integrity": "sha1-DDCt/ze7vHpQ65tY+uKlBNDYgDg=",
      "dev": true
    },
    "@types/opentype.js": {
      "version": "1.3.1",
      "resolved": "https://registry.nlark.com/@types/opentype.js/download/@types/opentype.js-1.3.1.tgz",
      "integrity": "sha1-5wwzvTuwmz7yI4QXnMu8R51Jm38=",
      "dev": true
    },
    "@types/text-to-svg": {
      "version": "3.1.0",
      "resolved": "https://registry.nlark.com/@types/text-to-svg/download/@types/text-to-svg-3.1.0.tgz",
      "integrity": "sha1-1ban9ifVQfSwrkflh+WQIs05yoE=",
      "dev": true,
      "requires": {
        "@types/opentype.js": "*"
      }
    }
  }
}
