# THIS IS AN AUTOGENERATED FILE. DO NOT EDIT THIS FILE DIRECTLY.
# yarn lockfile v1


"@types/imagemin-jpegtran@^5.0.0":
  version "5.0.1"
  resolved "https://registry.nlark.com/@types/imagemin-jpegtran/download/@types/imagemin-jpegtran-5.0.1.tgz#798b2a66cd49b7ec6550fb733c05a5b8755f211f"
  integrity sha1-eYsqZs1Jt+xlUPtzPAWluHVfIR8=
  dependencies:
    "@types/imagemin" "*"

"@types/imagemin@*", "@types/imagemin@^7.0.0":
  version "7.0.1"
  resolved "https://registry.nlark.com/@types/imagemin/download/@types/imagemin-7.0.1.tgz#11ca1e65ccb3871a8469d9b23033b95d3838eda0"
  integrity sha1-EcoeZcyzhxqEadmyMDO5XTg47aA=
  dependencies:
    "@types/node" "*"

"@types/node@*":
  version "16.3.3"
  resolved "https://registry.nlark.com/@types/node/download/@types/node-16.3.3.tgz?cache=0&sync_timestamp=1626462214142&other_urls=https%3A%2F%2Fregistry.nlark.com%2F%40types%2Fnode%2Fdownload%2F%40types%2Fnode-16.3.3.tgz#0c30adff37bbbc7a50eb9b58fae2a504d0d88038"
  integrity sha1-DDCt/ze7vHpQ65tY+uKlBNDYgDg=

"@types/opentype.js@*":
  version "1.3.1"
  resolved "https://registry.yarnpkg.com/@types/opentype.js/-/opentype.js-1.3.1.tgz#e70c33bd3bb09b3ef22384179ccbbc479d499b7f"
  integrity sha512-nEQiGyLqrhd5J7hEsOGmOuh/Y915xzZBWP8q1uG+JVY6lXXPzSNRQg8HZ/2yzrXbOHlCPD0HxG7jJMS8HH4xuQ==

"@types/text-to-svg@^3.1.0":
  version "3.1.0"
  resolved "https://registry.yarnpkg.com/@types/text-to-svg/-/text-to-svg-3.1.0.tgz#d5b6a7f627d541f4b0ae47e587e59022cd39ca81"
  integrity sha512-aJqxDSl9ZCm1oXpvz4szxhVTd1Z9tiCRMT2AjwqAQRHgAZO7vHyLccZasH+sU6o0dwpjHSeDP18bkw/NONL1Xg==
  dependencies:
    "@types/opentype.js" "*"
